
Microsoft Visual Studio Solution File, Format Version 12.00
# Visual Studio Version 16
VisualStudioVersion = 16.0.30225.117
MinimumVisualStudioVersion = 10.0.40219.1
Project("{FAE04EC0-301F-11D3-BF4B-00C04F79EFBC}") = "PieShop", "PieShop\PieShop.csproj", "{61CC4E6A-2DC0-4381-9AF2-2B2A82A5C297}"
EndProject
Project("{FAE04EC0-301F-11D3-BF4B-00C04F79EFBC}") = "PieShopShared", "PieShopShared\PieShopShared.csproj", "{73B3191F-633E-4CF2-BBF5-8F6CF35BDFA9}"
EndProject
Global
	GlobalSection(SolutionConfigurationPlatforms) = preSolution
		Debug|Any CPU = Debug|Any CPU
		Release|Any CPU = Release|Any CPU
	EndGlobalSection
	GlobalSection(ProjectConfigurationPlatforms) = postSolution
		{61CC4E6A-2DC0-4381-9AF2-2B2A82A5C297}.Debug|Any CPU.ActiveCfg = Debug|Any CPU
		{61CC4E6A-2DC0-4381-9AF2-2B2A82A5C297}.Debug|Any CPU.Build.0 = Debug|Any CPU
		{61CC4E6A-2DC0-4381-9AF2-2B2A82A5C297}.Release|Any CPU.ActiveCfg = Release|Any CPU
		{61CC4E6A-2DC0-4381-9AF2-2B2A82A5C297}.Release|Any CPU.Build.0 = Release|Any CPU
		{73B3191F-633E-4CF2-BBF5-8F6CF35BDFA9}.Debug|Any CPU.ActiveCfg = Debug|Any CPU
		{73B3191F-633E-4CF2-BBF5-8F6CF35BDFA9}.Debug|Any CPU.Build.0 = Debug|Any CPU
		{73B3191F-633E-4CF2-BBF5-8F6CF35BDFA9}.Release|Any CPU.ActiveCfg = Release|Any CPU
		{73B3191F-633E-4CF2-BBF5-8F6CF35BDFA9}.Release|Any CPU.Build.0 = Release|Any CPU
	EndGlobalSection
	GlobalSection(SolutionProperties) = preSolution
		HideSolutionNode = FALSE
	EndGlobalSection
	GlobalSection(ExtensibilityGlobals) = postSolution
		SolutionGuid = {527A35D8-E369-491A-967A-F92462F2B8C7}
	EndGlobalSection
EndGlobal
